
Microsoft Visual Studio Solution File, Format Version 12.00
# Visual Studio Version 16
VisualStudioVersion = 16.0.31729.503
MinimumVisualStudioVersion = 10.0.40219.1
Project("{FAE04EC0-301F-11D3-BF4B-00C04F79EFBC}") = "AssemblerApp", "AssemblerApp\AssemblerApp.csproj", "{FB05ABD6-868F-4AD1-9024-5826439B0350}"
EndProject
Global
	GlobalSection(SolutionConfigurationPlatforms) = preSolution
		Debug|Any CPU = Debug|Any CPU
		Release|Any CPU = Release|Any CPU
	EndGlobalSection
	GlobalSection(ProjectConfigurationPlatforms) = postSolution
		{FB05ABD6-868F-4AD1-9024-5826439B0350}.Debug|Any CPU.ActiveCfg = Debug|Any CPU
		{FB05ABD6-868F-4AD1-9024-5826439B0350}.Debug|Any CPU.Build.0 = Debug|Any CPU
		{FB05ABD6-868F-4AD1-9024-5826439B0350}.Release|Any CPU.ActiveCfg = Release|Any CPU
		{FB05ABD6-868F-4AD1-9024-5826439B0350}.Release|Any CPU.Build.0 = Release|Any CPU
	EndGlobalSection
	GlobalSection(SolutionProperties) = preSolution
		HideSolutionNode = FALSE
	EndGlobalSection
	GlobalSection(ExtensibilityGlobals) = postSolution
		SolutionGuid = {3179DF00-0B97-41B3-ABD4-045E9A872A2B}
	EndGlobalSection
EndGlobal
